
Microsoft Visual Studio Solution File, Format Version 12.00
# Visual Studio Version 16
VisualStudioVersion = 16.0.29123.88
MinimumVisualStudioVersion = 10.0.40219.1
Project("{FAE04EC0-301F-11D3-BF4B-00C04F79EFBC}") = "SBDB CAD", "SBDB CAD.csproj", "{D3B3F3FF-A8F8-4D9A-9077-E97B2A087779}"
EndProject
Global
	GlobalSection(SolutionConfigurationPlatforms) = preSolution
		Debug|Any CPU = Debug|Any CPU
		Release|Any CPU = Release|Any CPU
	EndGlobalSection
	GlobalSection(ProjectConfigurationPlatforms) = postSolution
		{D3B3F3FF-A8F8-4D9A-9077-E97B2A087779}.Debug|Any CPU.ActiveCfg = Debug|Any CPU
		{D3B3F3FF-A8F8-4D9A-9077-E97B2A087779}.Debug|Any CPU.Build.0 = Debug|Any CPU
		{D3B3F3FF-A8F8-4D9A-9077-E97B2A087779}.Release|Any CPU.ActiveCfg = Release|Any CPU
		{D3B3F3FF-A8F8-4D9A-9077-E97B2A087779}.Release|Any CPU.Build.0 = Release|Any CPU
	EndGlobalSection
	GlobalSection(SolutionProperties) = preSolution
		HideSolutionNode = FALSE
	EndGlobalSection
	GlobalSection(ExtensibilityGlobals) = postSolution
		SolutionGuid = {64C980BC-968C-4515-BFFF-5E17BF98552D}
	EndGlobalSection
EndGlobal
